
Microsoft Visual Studio Solution File, Format Version 12.00
# Visual Studio 14
VisualStudioVersion = 14.0.25420.1
MinimumVisualStudioVersion = 10.0.40219.1
Project("{8BC9CEB8-8B4A-11D0-8D11-00A0C91BC942}") = "BerbEngine3D", "source\BerbEngine3D\BerbEngine3D.vcxproj", "{FF569330-1B9C-49FE-B32D-24400A673FCF}"
EndProject
Project("{8BC9CEB8-8B4A-11D0-8D11-00A0C91BC942}") = "TestProject", "source\TestProject\TestProject.vcxproj", "{0CB83C99-C225-46AE-87FF-DC4207CDBB6D}"
	ProjectSection(ProjectDependencies) = postProject
		{FF569330-1B9C-49FE-B32D-24400A673FCF} = {FF569330-1B9C-49FE-B32D-24400A673FCF}
	EndProjectSection
EndProject
Global
	GlobalSection(SolutionConfigurationPlatforms) = preSolution
		Debug|x64 = Debug|x64
		Debug|x86 = Debug|x86
		Release|x64 = Release|x64
		Release|x86 = Release|x86
	EndGlobalSection
	GlobalSection(ProjectConfigurationPlatforms) = postSolution
		{FF569330-1B9C-49FE-B32D-24400A673FCF}.Debug|x64.ActiveCfg = Debug|x64
		{FF569330-1B9C-49FE-B32D-24400A673FCF}.Debug|x64.Build.0 = Debug|x64
		{FF569330-1B9C-49FE-B32D-24400A673FCF}.Debug|x86.ActiveCfg = Debug|Win32
		{FF569330-1B9C-49FE-B32D-24400A673FCF}.Debug|x86.Build.0 = Debug|Win32
		{FF569330-1B9C-49FE-B32D-24400A673FCF}.Release|x64.ActiveCfg = Release|x64
		{FF569330-1B9C-49FE-B32D-24400A673FCF}.Release|x64.Build.0 = Release|x64
		{FF569330-1B9C-49FE-B32D-24400A673FCF}.Release|x86.ActiveCfg = Release|Win32
		{FF569330-1B9C-49FE-B32D-24400A673FCF}.Release|x86.Build.0 = Release|Win32
		{0CB83C99-C225-46AE-87FF-DC4207CDBB6D}.Debug|x64.ActiveCfg = Debug|x64
		{0CB83C99-C225-46AE-87FF-DC4207CDBB6D}.Debug|x64.Build.0 = Debug|x64
		{0CB83C99-C225-46AE-87FF-DC4207CDBB6D}.Debug|x86.ActiveCfg = Debug|Win32
		{0CB83C99-C225-46AE-87FF-DC4207CDBB6D}.Debug|x86.Build.0 = Debug|Win32
		{0CB83C99-C225-46AE-87FF-DC4207CDBB6D}.Release|x64.ActiveCfg = Release|x64
		{0CB83C99-C225-46AE-87FF-DC4207CDBB6D}.Release|x64.Build.0 = Release|x64
		{0CB83C99-C225-46AE-87FF-DC4207CDBB6D}.Release|x86.ActiveCfg = Release|Win32
		{0CB83C99-C225-46AE-87FF-DC4207CDBB6D}.Release|x86.Build.0 = Release|Win32
	EndGlobalSection
	GlobalSection(SolutionProperties) = preSolution
		HideSolutionNode = FALSE
	EndGlobalSection
EndGlobal
